
Microsoft Visual Studio Solution File, Format Version 12.00
# Visual Studio 2017
Project("{FAE04EC0-301F-11D3-BF4B-00C04F79EFBC}") = "ChessGame", "ChessGame.csproj", "{1C06B883-1716-3A80-4400-8EAD1BEEB654}"
EndProject
Project("{FAE04EC0-301F-11D3-BF4B-00C04F79EFBC}") = "ChessGame.Editor", "ChessGame.Editor.csproj", "{931BCF23-141A-65AA-11ED-C2E4582B9265}"
EndProject
Global
	GlobalSection(SolutionConfigurationPlatforms) = preSolution
		Debug|Any CPU = Debug|Any CPU
		Release|Any CPU = Release|Any CPU
	EndGlobalSection
	GlobalSection(ProjectConfigurationPlatforms) = postSolution
		{1C06B883-1716-3A80-4400-8EAD1BEEB654}.Debug|Any CPU.ActiveCfg = Debug|Any CPU
		{1C06B883-1716-3A80-4400-8EAD1BEEB654}.Debug|Any CPU.Build.0 = Debug|Any CPU
		{1C06B883-1716-3A80-4400-8EAD1BEEB654}.Release|Any CPU.ActiveCfg = Release|Any CPU
		{1C06B883-1716-3A80-4400-8EAD1BEEB654}.Release|Any CPU.Build.0 = Release|Any CPU
		{931BCF23-141A-65AA-11ED-C2E4582B9265}.Debug|Any CPU.ActiveCfg = Debug|Any CPU
		{931BCF23-141A-65AA-11ED-C2E4582B9265}.Debug|Any CPU.Build.0 = Debug|Any CPU
		{931BCF23-141A-65AA-11ED-C2E4582B9265}.Release|Any CPU.ActiveCfg = Release|Any CPU
		{931BCF23-141A-65AA-11ED-C2E4582B9265}.Release|Any CPU.Build.0 = Release|Any CPU
	EndGlobalSection
	GlobalSection(SolutionProperties) = preSolution
		HideSolutionNode = FALSE
	EndGlobalSection
EndGlobal
